{
  "pins" : [
    {
      "identity" : "alamofire",
      "kind" : "remoteSourceControl",
      "location" : "https://github.com/Alamofire/Alamofire.git",
      "state" : {
        "revision" : "3dc6a42c7727c49bf26508e29b0a0b35f9c7e1ad",
        "version" : "5.8.1"
      }
    },
    {
      "identity" : "alamofireimage",
      "kind" : "remoteSourceControl",
      "location" : "https://github.com/Alamofire/AlamofireImage.git",
      "state" : {
        "revision" : "1eaf3b6c6882bed10f6e7b119665599dd2329aa1",
        "version" : "4.3.0"
      }
    },
    {
      "identity" : "apollo-ios",
      "kind" : "remoteSourceControl",
      "location" : "https://github.com/apollographql/apollo-ios",
      "state" : {
        "revision" : "42646f765d22dac0f22bfff48590102195c76da4",
        "version" : "0.53.0"
      }
    },
    {
      "identity" : "gi4.0-library-ios",
      "kind" : "remoteSourceControl",
      "location" : "https://github.com/GI4-0/GI4.0-Library-iOS",
      "state" : {
        "revision" : "d2a81725d57493fe32ef7584789e5579a7d48dbf",
        "version" : "1.1.0"
      }
    },
    {
      "identity" : "matomo-sdk-ios",
      "kind" : "remoteSourceControl",
      "location" : "https://github.com/matomo-org/matomo-sdk-ios.git",
      "state" : {
        "revision" : "15a645e11eaa8053f93749d73ced03da1e56fd01",
        "version" : "7.5.2"
      }
    },
    {
      "identity" : "sqlite.swift",
      "kind" : "remoteSourceControl",
      "location" : "https://github.com/stephencelis/SQLite.swift.git",
      "state" : {
        "revision" : "4d543d811ee644fa4cc4bfa0be996b4dd6ba0f54",
        "version" : "0.13.3"
      }
    },
    {
      "identity" : "xlactioncontroller",
      "kind" : "remoteSourceControl",
      "location" : "https://github.com/xmartlabs/XLActionController",
      "state" : {
        "revision" : "72144c7fd6802659ae080d947cbfbefae880722c",
        "version" : "5.1.0"
      }
    }
  ],
  "version" : 2
}
